
Microsoft Visual Studio Solution File, Format Version 12.00
# Visual Studio 15
VisualStudioVersion = 15.0.28010.2048
MinimumVisualStudioVersion = 10.0.40219.1
Project("{FAE04EC0-301F-11D3-BF4B-00C04F79EFBC}") = "SwipeListViewProject.Android", "SwipeListViewProject\SwipeListViewProject.Android\SwipeListViewProject.Android.csproj", "{E24295EF-1B3B-4EEA-AA83-84236D6601D9}"
EndProject
Project("{FAE04EC0-301F-11D3-BF4B-00C04F79EFBC}") = "SwipeListViewProject.iOS", "SwipeListViewProject\SwipeListViewProject.iOS\SwipeListViewProject.iOS.csproj", "{BB617856-F5D4-4B6A-9B2E-B8F72F42D725}"
EndProject
Project("{FAE04EC0-301F-11D3-BF4B-00C04F79EFBC}") = "SwipeListViewProject", "SwipeListViewProject\SwipeListViewProject\SwipeListViewProject.csproj", "{2D9257E2-456C-4B6F-A613-D369A7424608}"
EndProject
Global
	GlobalSection(SolutionConfigurationPlatforms) = preSolution
		Ad-Hoc|Any CPU = Ad-Hoc|Any CPU
		Ad-Hoc|iPhone = Ad-Hoc|iPhone
		Ad-Hoc|iPhoneSimulator = Ad-Hoc|iPhoneSimulator
		AppStore|Any CPU = AppStore|Any CPU
		AppStore|iPhone = AppStore|iPhone
		AppStore|iPhoneSimulator = AppStore|iPhoneSimulator
		Debug|Any CPU = Debug|Any CPU
		Debug|iPhone = Debug|iPhone
		Debug|iPhoneSimulator = Debug|iPhoneSimulator
		Release|Any CPU = Release|Any CPU
		Release|iPhone = Release|iPhone
		Release|iPhoneSimulator = Release|iPhoneSimulator
	EndGlobalSection
	GlobalSection(ProjectConfigurationPlatforms) = postSolution
		{E24295EF-1B3B-4EEA-AA83-84236D6601D9}.Ad-Hoc|Any CPU.ActiveCfg = Release|Any CPU
		{E24295EF-1B3B-4EEA-AA83-84236D6601D9}.Ad-Hoc|Any CPU.Build.0 = Release|Any CPU
		{E24295EF-1B3B-4EEA-AA83-84236D6601D9}.Ad-Hoc|Any CPU.Deploy.0 = Release|Any CPU
		{E24295EF-1B3B-4EEA-AA83-84236D6601D9}.Ad-Hoc|iPhone.ActiveCfg = Release|Any CPU
		{E24295EF-1B3B-4EEA-AA83-84236D6601D9}.Ad-Hoc|iPhone.Build.0 = Release|Any CPU
		{E24295EF-1B3B-4EEA-AA83-84236D6601D9}.Ad-Hoc|iPhone.Deploy.0 = Release|Any CPU
		{E24295EF-1B3B-4EEA-AA83-84236D6601D9}.Ad-Hoc|iPhoneSimulator.ActiveCfg = Release|Any CPU
		{E24295EF-1B3B-4EEA-AA83-84236D6601D9}.Ad-Hoc|iPhoneSimulator.Build.0 = Release|Any CPU
		{E24295EF-1B3B-4EEA-AA83-84236D6601D9}.Ad-Hoc|iPhoneSimulator.Deploy.0 = Release|Any CPU
		{E24295EF-1B3B-4EEA-AA83-84236D6601D9}.AppStore|Any CPU.ActiveCfg = Release|Any CPU
		{E24295EF-1B3B-4EEA-AA83-84236D6601D9}.AppStore|Any CPU.Build.0 = Release|Any CPU
		{E24295EF-1B3B-4EEA-AA83-84236D6601D9}.AppStore|Any CPU.Deploy.0 = Release|Any CPU
		{E24295EF-1B3B-4EEA-AA83-84236D6601D9}.AppStore|iPhone.ActiveCfg = Release|Any CPU
		{E24295EF-1B3B-4EEA-AA83-84236D6601D9}.AppStore|iPhone.Build.0 = Release|Any CPU
		{E24295EF-1B3B-4EEA-AA83-84236D6601D9}.AppStore|iPhone.Deploy.0 = Release|Any CPU
		{E24295EF-1B3B-4EEA-AA83-84236D6601D9}.AppStore|iPhoneSimulator.ActiveCfg = Release|Any CPU
		{E24295EF-1B3B-4EEA-AA83-84236D6601D9}.AppStore|iPhoneSimulator.Build.0 = Release|Any CPU
		{E24295EF-1B3B-4EEA-AA83-84236D6601D9}.AppStore|iPhoneSimulator.Deploy.0 = Release|Any CPU
		{E24295EF-1B3B-4EEA-AA83-84236D6601D9}.Debug|Any CPU.ActiveCfg = Debug|Any CPU
		{E24295EF-1B3B-4EEA-AA83-84236D6601D9}.Debug|Any CPU.Build.0 = Debug|Any CPU
		{E24295EF-1B3B-4EEA-AA83-84236D6601D9}.Debug|Any CPU.Deploy.0 = Debug|Any CPU
		{E24295EF-1B3B-4EEA-AA83-84236D6601D9}.Debug|iPhone.ActiveCfg = Debug|Any CPU
		{E24295EF-1B3B-4EEA-AA83-84236D6601D9}.Debug|iPhone.Build.0 = Debug|Any CPU
		{E24295EF-1B3B-4EEA-AA83-84236D6601D9}.Debug|iPhone.Deploy.0 = Debug|Any CPU
		{E24295EF-1B3B-4EEA-AA83-84236D6601D9}.Debug|iPhoneSimulator.ActiveCfg = Debug|Any CPU
		{E24295EF-1B3B-4EEA-AA83-84236D6601D9}.Debug|iPhoneSimulator.Build.0 = Debug|Any CPU
		{E24295EF-1B3B-4EEA-AA83-84236D6601D9}.Debug|iPhoneSimulator.Deploy.0 = Debug|Any CPU
		{E24295EF-1B3B-4EEA-AA83-84236D6601D9}.Release|Any CPU.ActiveCfg = Release|Any CPU
		{E24295EF-1B3B-4EEA-AA83-84236D6601D9}.Release|Any CPU.Build.0 = Release|Any CPU
		{E24295EF-1B3B-4EEA-AA83-84236D6601D9}.Release|Any CPU.Deploy.0 = Release|Any CPU
		{E24295EF-1B3B-4EEA-AA83-84236D6601D9}.Release|iPhone.ActiveCfg = Release|Any CPU
		{E24295EF-1B3B-4EEA-AA83-84236D6601D9}.Release|iPhone.Build.0 = Release|Any CPU
		{E24295EF-1B3B-4EEA-AA83-84236D6601D9}.Release|iPhone.Deploy.0 = Release|Any CPU
		{E24295EF-1B3B-4EEA-AA83-84236D6601D9}.Release|iPhoneSimulator.ActiveCfg = Release|Any CPU
		{E24295EF-1B3B-4EEA-AA83-84236D6601D9}.Release|iPhoneSimulator.Build.0 = Release|Any CPU
		{E24295EF-1B3B-4EEA-AA83-84236D6601D9}.Release|iPhoneSimulator.Deploy.0 = Release|Any CPU
		{BB617856-F5D4-4B6A-9B2E-B8F72F42D725}.Ad-Hoc|Any CPU.ActiveCfg = Ad-Hoc|iPhone
		{BB617856-F5D4-4B6A-9B2E-B8F72F42D725}.Ad-Hoc|Any CPU.Build.0 = Ad-Hoc|iPhone
		{BB617856-F5D4-4B6A-9B2E-B8F72F42D725}.Ad-Hoc|Any CPU.Deploy.0 = Ad-Hoc|iPhone
		{BB617856-F5D4-4B6A-9B2E-B8F72F42D725}.Ad-Hoc|iPhone.ActiveCfg = Ad-Hoc|iPhone
		{BB617856-F5D4-4B6A-9B2E-B8F72F42D725}.Ad-Hoc|iPhone.Build.0 = Ad-Hoc|iPhone
		{BB617856-F5D4-4B6A-9B2E-B8F72F42D725}.Ad-Hoc|iPhone.Deploy.0 = Ad-Hoc|iPhone
		{BB617856-F5D4-4B6A-9B2E-B8F72F42D725}.Ad-Hoc|iPhoneSimulator.ActiveCfg = Ad-Hoc|iPhoneSimulator
		{BB617856-F5D4-4B6A-9B2E-B8F72F42D725}.Ad-Hoc|iPhoneSimulator.Build.0 = Ad-Hoc|iPhoneSimulator
		{BB617856-F5D4-4B6A-9B2E-B8F72F42D725}.Ad-Hoc|iPhoneSimulator.Deploy.0 = Ad-Hoc|iPhoneSimulator
		{BB617856-F5D4-4B6A-9B2E-B8F72F42D725}.AppStore|Any CPU.ActiveCfg = AppStore|iPhone
		{BB617856-F5D4-4B6A-9B2E-B8F72F42D725}.AppStore|Any CPU.Build.0 = AppStore|iPhone
		{BB617856-F5D4-4B6A-9B2E-B8F72F42D725}.AppStore|Any CPU.Deploy.0 = AppStore|iPhone
		{BB617856-F5D4-4B6A-9B2E-B8F72F42D725}.AppStore|iPhone.ActiveCfg = AppStore|iPhone
		{BB617856-F5D4-4B6A-9B2E-B8F72F42D725}.AppStore|iPhone.Build.0 = AppStore|iPhone
		{BB617856-F5D4-4B6A-9B2E-B8F72F42D725}.AppStore|iPhone.Deploy.0 = AppStore|iPhone
		{BB617856-F5D4-4B6A-9B2E-B8F72F42D725}.AppStore|iPhoneSimulator.ActiveCfg = AppStore|iPhoneSimulator
		{BB617856-F5D4-4B6A-9B2E-B8F72F42D725}.AppStore|iPhoneSimulator.Build.0 = AppStore|iPhoneSimulator
		{BB617856-F5D4-4B6A-9B2E-B8F72F42D725}.AppStore|iPhoneSimulator.Deploy.0 = AppStore|iPhoneSimulator
		{BB617856-F5D4-4B6A-9B2E-B8F72F42D725}.Debug|Any CPU.ActiveCfg = Debug|iPhoneSimulator
		{BB617856-F5D4-4B6A-9B2E-B8F72F42D725}.Debug|Any CPU.Build.0 = Debug|iPhoneSimulator
		{BB617856-F5D4-4B6A-9B2E-B8F72F42D725}.Debug|Any CPU.Deploy.0 = Debug|iPhoneSimulator
		{BB617856-F5D4-4B6A-9B2E-B8F72F42D725}.Debug|iPhone.ActiveCfg = Debug|iPhone
		{BB617856-F5D4-4B6A-9B2E-B8F72F42D725}.Debug|iPhone.Build.0 = Debug|iPhone
		{BB617856-F5D4-4B6A-9B2E-B8F72F42D725}.Debug|iPhone.Deploy.0 = Debug|iPhone
		{BB617856-F5D4-4B6A-9B2E-B8F72F42D725}.Debug|iPhoneSimulator.ActiveCfg = Debug|iPhoneSimulator
		{BB617856-F5D4-4B6A-9B2E-B8F72F42D725}.Debug|iPhoneSimulator.Build.0 = Debug|iPhoneSimulator
		{BB617856-F5D4-4B6A-9B2E-B8F72F42D725}.Debug|iPhoneSimulator.Deploy.0 = Debug|iPhoneSimulator
		{BB617856-F5D4-4B6A-9B2E-B8F72F42D725}.Release|Any CPU.ActiveCfg = Release|iPhone
		{BB617856-F5D4-4B6A-9B2E-B8F72F42D725}.Release|Any CPU.Build.0 = Release|iPhone
		{BB617856-F5D4-4B6A-9B2E-B8F72F42D725}.Release|Any CPU.Deploy.0 = Release|iPhone
		{BB617856-F5D4-4B6A-9B2E-B8F72F42D725}.Release|iPhone.ActiveCfg = Release|iPhone
		{BB617856-F5D4-4B6A-9B2E-B8F72F42D725}.Release|iPhone.Build.0 = Release|iPhone
		{BB617856-F5D4-4B6A-9B2E-B8F72F42D725}.Release|iPhone.Deploy.0 = Release|iPhone
		{BB617856-F5D4-4B6A-9B2E-B8F72F42D725}.Release|iPhoneSimulator.ActiveCfg = Release|iPhoneSimulator
		{BB617856-F5D4-4B6A-9B2E-B8F72F42D725}.Release|iPhoneSimulator.Build.0 = Release|iPhoneSimulator
		{BB617856-F5D4-4B6A-9B2E-B8F72F42D725}.Release|iPhoneSimulator.Deploy.0 = Release|iPhoneSimulator
		{2D9257E2-456C-4B6F-A613-D369A7424608}.Ad-Hoc|Any CPU.ActiveCfg = Debug|Any CPU
		{2D9257E2-456C-4B6F-A613-D369A7424608}.Ad-Hoc|Any CPU.Build.0 = Debug|Any CPU
		{2D9257E2-456C-4B6F-A613-D369A7424608}.Ad-Hoc|Any CPU.Deploy.0 = Debug|Any CPU
		{2D9257E2-456C-4B6F-A613-D369A7424608}.Ad-Hoc|iPhone.ActiveCfg = Debug|Any CPU
		{2D9257E2-456C-4B6F-A613-D369A7424608}.Ad-Hoc|iPhone.Build.0 = Debug|Any CPU
		{2D9257E2-456C-4B6F-A613-D369A7424608}.Ad-Hoc|iPhone.Deploy.0 = Debug|Any CPU
		{2D9257E2-456C-4B6F-A613-D369A7424608}.Ad-Hoc|iPhoneSimulator.ActiveCfg = Debug|Any CPU
		{2D9257E2-456C-4B6F-A613-D369A7424608}.Ad-Hoc|iPhoneSimulator.Build.0 = Debug|Any CPU
		{2D9257E2-456C-4B6F-A613-D369A7424608}.Ad-Hoc|iPhoneSimulator.Deploy.0 = Debug|Any CPU
		{2D9257E2-456C-4B6F-A613-D369A7424608}.AppStore|Any CPU.ActiveCfg = Debug|Any CPU
		{2D9257E2-456C-4B6F-A613-D369A7424608}.AppStore|Any CPU.Build.0 = Debug|Any CPU
		{2D9257E2-456C-4B6F-A613-D369A7424608}.AppStore|Any CPU.Deploy.0 = Debug|Any CPU
		{2D9257E2-456C-4B6F-A613-D369A7424608}.AppStore|iPhone.ActiveCfg = Debug|Any CPU
		{2D9257E2-456C-4B6F-A613-D369A7424608}.AppStore|iPhone.Build.0 = Debug|Any CPU
		{2D9257E2-456C-4B6F-A613-D369A7424608}.AppStore|iPhone.Deploy.0 = Debug|Any CPU
		{2D9257E2-456C-4B6F-A613-D369A7424608}.AppStore|iPhoneSimulator.ActiveCfg = Debug|Any CPU
		{2D9257E2-456C-4B6F-A613-D369A7424608}.AppStore|iPhoneSimulator.Build.0 = Debug|Any CPU
		{2D9257E2-456C-4B6F-A613-D369A7424608}.AppStore|iPhoneSimulator.Deploy.0 = Debug|Any CPU
		{2D9257E2-456C-4B6F-A613-D369A7424608}.Debug|Any CPU.ActiveCfg = Debug|Any CPU
		{2D9257E2-456C-4B6F-A613-D369A7424608}.Debug|Any CPU.Build.0 = Debug|Any CPU
		{2D9257E2-456C-4B6F-A613-D369A7424608}.Debug|Any CPU.Deploy.0 = Debug|Any CPU
		{2D9257E2-456C-4B6F-A613-D369A7424608}.Debug|iPhone.ActiveCfg = Debug|Any CPU
		{2D9257E2-456C-4B6F-A613-D369A7424608}.Debug|iPhone.Build.0 = Debug|Any CPU
		{2D9257E2-456C-4B6F-A613-D369A7424608}.Debug|iPhone.Deploy.0 = Debug|Any CPU
		{2D9257E2-456C-4B6F-A613-D369A7424608}.Debug|iPhoneSimulator.ActiveCfg = Debug|Any CPU
		{2D9257E2-456C-4B6F-A613-D369A7424608}.Debug|iPhoneSimulator.Build.0 = Debug|Any CPU
		{2D9257E2-456C-4B6F-A613-D369A7424608}.Debug|iPhoneSimulator.Deploy.0 = Debug|Any CPU
		{2D9257E2-456C-4B6F-A613-D369A7424608}.Release|Any CPU.ActiveCfg = Release|Any CPU
		{2D9257E2-456C-4B6F-A613-D369A7424608}.Release|Any CPU.Build.0 = Release|Any CPU
		{2D9257E2-456C-4B6F-A613-D369A7424608}.Release|Any CPU.Deploy.0 = Release|Any CPU
		{2D9257E2-456C-4B6F-A613-D369A7424608}.Release|iPhone.ActiveCfg = Release|Any CPU
		{2D9257E2-456C-4B6F-A613-D369A7424608}.Release|iPhone.Build.0 = Release|Any CPU
		{2D9257E2-456C-4B6F-A613-D369A7424608}.Release|iPhone.Deploy.0 = Release|Any CPU
		{2D9257E2-456C-4B6F-A613-D369A7424608}.Release|iPhoneSimulator.ActiveCfg = Release|Any CPU
		{2D9257E2-456C-4B6F-A613-D369A7424608}.Release|iPhoneSimulator.Build.0 = Release|Any CPU
		{2D9257E2-456C-4B6F-A613-D369A7424608}.Release|iPhoneSimulator.Deploy.0 = Release|Any CPU
	EndGlobalSection
	GlobalSection(SolutionProperties) = preSolution
		HideSolutionNode = FALSE
	EndGlobalSection
	GlobalSection(ExtensibilityGlobals) = postSolution
		SolutionGuid = {48E15BB0-BC61-44DD-81E7-CAA185201ADA}
	EndGlobalSection
EndGlobal
